# THIS IS AN AUTOGENERATED FILE. DO NOT EDIT THIS FILE DIRECTLY.
# yarn lockfile v1


"@types/node@20.5.5":
  version "20.5.5"
  resolved "https://registry.yarnpkg.com/@types/node/-/node-20.5.5.tgz#04461a93ca9f2ac8f76acd7e4c025bab70a1bfbd"
  integrity sha512-c0Snqx/IpY+QHnCqEQzo9NjhBNth6gm6/4wDgWt1ML24ldNiStXmxuKJUKM7ob/iAhQWH/dUH1STRt5eTUixlw==

typescript@5.1.6:
  version "5.1.6"
  resolved "https://registry.yarnpkg.com/typescript/-/typescript-5.1.6.tgz#02f8ac202b6dad2c0dd5e0913745b47a37998274"
  integrity sha512-zaWCozRZ6DLEWAWFrVDz1H6FVXzUSfTy5FUMWsQlU8Ym5JP9eO4xkTIROFCQvhQf61z6O/G6ugw3SgAnvvm+HA==
